{
  "name": "carrito",
  "version": "1.0.0",
  "lockfileVersion": 1,
  "requires": true,
  "dependencies": {
    "bulma": {
      "version": "0.4.4",
      "resolved": "https://registry.npmjs.org/bulma/-/bulma-0.4.4.tgz",
      "integrity": "sha1-GCo9n7FQJrRgKqjaPPQhQL+5uyw=",
      "dev": true
    },
    "font-awesome": {
      "version": "4.7.0",
      "resolved": "https://registry.npmjs.org/font-awesome/-/font-awesome-4.7.0.tgz",
      "integrity": "sha1-j6jPBBGhoxr9B7BtKQK7n8gVoTM=",
      "dev": true
    }
  }
}
